
Microsoft Visual Studio Solution File, Format Version 12.00
# Visual Studio Version 17
VisualStudioVersion = 17.10.35122.118
MinimumVisualStudioVersion = 10.0.40219.1
Project("{FAE04EC0-301F-11D3-BF4B-00C04F79EFBC}") = "ChessBackApi", "ChessBackApi\ChessBackApi.csproj", "{3BB98EBD-E401-4A08-8AAB-E643CA37EE0A}"
EndProject
Global
	GlobalSection(SolutionConfigurationPlatforms) = preSolution
		Debug|Any CPU = Debug|Any CPU
		Release|Any CPU = Release|Any CPU
	EndGlobalSection
	GlobalSection(ProjectConfigurationPlatforms) = postSolution
		{3BB98EBD-E401-4A08-8AAB-E643CA37EE0A}.Debug|Any CPU.ActiveCfg = Debug|Any CPU
		{3BB98EBD-E401-4A08-8AAB-E643CA37EE0A}.Debug|Any CPU.Build.0 = Debug|Any CPU
		{3BB98EBD-E401-4A08-8AAB-E643CA37EE0A}.Release|Any CPU.ActiveCfg = Release|Any CPU
		{3BB98EBD-E401-4A08-8AAB-E643CA37EE0A}.Release|Any CPU.Build.0 = Release|Any CPU
	EndGlobalSection
	GlobalSection(SolutionProperties) = preSolution
		HideSolutionNode = FALSE
	EndGlobalSection
	GlobalSection(ExtensibilityGlobals) = postSolution
		SolutionGuid = {4EE0C9B1-9A80-4562-9F9C-2066DF2A9B9B}
	EndGlobalSection
EndGlobal
